
Microsoft Visual Studio Solution File, Format Version 12.00
Project("{2150E333-8FDC-42A3-9474-1A3956D46DE8}") = "CrawlerEngine", "CrawlerEngine", "{1D75CEAF-CB96-46B7-86A0-3BDCDB64EE03}"
EndProject
Project("{2150E333-8FDC-42A3-9474-1A3956D46DE8}") = "AppLibraries", "AppLibraries", "{8A6AF80E-757D-426A-B824-BD41B5AB3292}"
EndProject
Project("{FAE04EC0-301F-11D3-BF4B-00C04F79EFBC}") = "SimpleCrawler.Core", "AppLibraries\SimpleCrawler.Core\src\SimpleCrawler.Core\SimpleCrawler.Core.csproj", "{280E6645-BA07-4BC1-BEFA-1DFA09B99421}"
EndProject
Project("{FAE04EC0-301F-11D3-BF4B-00C04F79EFBC}") = "SimpleCrawler.Domain", "SimpleCrawler.Engine\src\SimpleCrawler.Domain\SimpleCrawler.Domain.csproj", "{7A358166-EA25-41F5-962B-B3D5C8F8B144}"
EndProject
Project("{FAE04EC0-301F-11D3-BF4B-00C04F79EFBC}") = "SimpleCrawler.MongoDb", "SimpleCrawler.Engine\src\SimpleCrawler.MongoDb\SimpleCrawler.MongoDb.csproj", "{67BC10FE-7E01-45B2-8AF3-3ABFFA6852B9}"
EndProject
Project("{FAE04EC0-301F-11D3-BF4B-00C04F79EFBC}") = "SimpleCrawler.Spa", "SimpleCrawler.Engine\src\SimpleCrawler.Spa\SimpleCrawler.Spa.csproj", "{26AE5B41-8EA8-4A61-8EE7-1B896D4FA758}"
EndProject
Project("{FAE04EC0-301F-11D3-BF4B-00C04F79EFBC}") = "SimpleCrawler.Test", "SimpleCrawler.Engine\src\SimpleCrawler.Test\SimpleCrawler.Test.csproj", "{DB752279-5F45-4CD5-A8AF-FA346BC09EF0}"
EndProject
Project("{FAE04EC0-301F-11D3-BF4B-00C04F79EFBC}") = "SimpleCrawler.WebAPI", "SimpleCrawler.Engine\src\SimpleCrawler.WebAPI\SimpleCrawler.WebAPI.csproj", "{73C092D6-471B-4006-B5D7-1E83DDFE3A62}"
EndProject
Project("{2150E333-8FDC-42A3-9474-1A3956D46DE8}") = "CrawlerAPIGateway", "CrawlerAPIGateway", "{455C4F14-4FBC-4CD9-A7E5-E60EC1202CA8}"
EndProject
Project("{FAE04EC0-301F-11D3-BF4B-00C04F79EFBC}") = "SimpleCrawler.APIGateway.Domain", "SimpleCrawler.APIGateway\src\SimpleCrawler.APIGateway.Domain\SimpleCrawler.APIGateway.Domain.csproj", "{5929EA55-0945-4606-B39F-C118B9DED279}"
EndProject
Project("{FAE04EC0-301F-11D3-BF4B-00C04F79EFBC}") = "SimpleCrawler.APIGateway.Mongo", "SimpleCrawler.APIGateway\src\SimpleCrawler.APIGateway.Mongo\SimpleCrawler.APIGateway.Mongo.csproj", "{0EC446DD-3663-4F31-B355-C21417B9018F}"
EndProject
Project("{FAE04EC0-301F-11D3-BF4B-00C04F79EFBC}") = "SimpleCrawler.APIGateway.WebAPI", "SimpleCrawler.APIGateway\src\SimpleCrawler.APIGateway.WebAPI\SimpleCrawler.APIGateway.WebAPI.csproj", "{FB0D5433-0108-4E0A-AB22-3E9E45DB7373}"
EndProject
Project("{FAE04EC0-301F-11D3-BF4B-00C04F79EFBC}") = "SimpleCrawler.NetCore", "AppLibraries\SimpleCrawler.NetCore\src\SimpleCrawler.NetCore\SimpleCrawler.NetCore.csproj", "{FE5C53EE-1197-43F6-9905-9A76054FE553}"
EndProject
Project("{2150E333-8FDC-42A3-9474-1A3956D46DE8}") = "DockerCompose", "DockerCompose", "{514CAD81-AE31-4A75-B240-C5FD35C67F8A}"
EndProject
Project("{FAE04EC0-301F-11D3-BF4B-00C04F79EFBC}") = "SimpleCrawler.DockerCompose", "DockerCompose\SimpleCrawler.DockerCompose\SimpleCrawler.DockerCompose.csproj", "{20A07264-76EF-4D63-AC04-F34CE63DE399}"
EndProject
Project("{2150E333-8FDC-42A3-9474-1A3956D46DE8}") = "Nodejs", "Nodejs", "{9417BFD9-5D70-4251-A8AD-F571BDF855EC}"
EndProject
Project("{2150E333-8FDC-42A3-9474-1A3956D46DE8}") = "CSharp", "CSharp", "{B9308A3D-17F9-4C73-80F9-FC81DC1BF59C}"
EndProject
Global
	GlobalSection(SolutionConfigurationPlatforms) = preSolution
		Debug|Any CPU = Debug|Any CPU
		Release|Any CPU = Release|Any CPU
	EndGlobalSection
	GlobalSection(ProjectConfigurationPlatforms) = postSolution
		{280E6645-BA07-4BC1-BEFA-1DFA09B99421}.Debug|Any CPU.ActiveCfg = Debug|Any CPU
		{280E6645-BA07-4BC1-BEFA-1DFA09B99421}.Debug|Any CPU.Build.0 = Debug|Any CPU
		{280E6645-BA07-4BC1-BEFA-1DFA09B99421}.Release|Any CPU.ActiveCfg = Release|Any CPU
		{280E6645-BA07-4BC1-BEFA-1DFA09B99421}.Release|Any CPU.Build.0 = Release|Any CPU
		{7A358166-EA25-41F5-962B-B3D5C8F8B144}.Debug|Any CPU.ActiveCfg = Debug|Any CPU
		{7A358166-EA25-41F5-962B-B3D5C8F8B144}.Debug|Any CPU.Build.0 = Debug|Any CPU
		{7A358166-EA25-41F5-962B-B3D5C8F8B144}.Release|Any CPU.ActiveCfg = Release|Any CPU
		{7A358166-EA25-41F5-962B-B3D5C8F8B144}.Release|Any CPU.Build.0 = Release|Any CPU
		{67BC10FE-7E01-45B2-8AF3-3ABFFA6852B9}.Debug|Any CPU.ActiveCfg = Debug|Any CPU
		{67BC10FE-7E01-45B2-8AF3-3ABFFA6852B9}.Debug|Any CPU.Build.0 = Debug|Any CPU
		{67BC10FE-7E01-45B2-8AF3-3ABFFA6852B9}.Release|Any CPU.ActiveCfg = Release|Any CPU
		{67BC10FE-7E01-45B2-8AF3-3ABFFA6852B9}.Release|Any CPU.Build.0 = Release|Any CPU
		{26AE5B41-8EA8-4A61-8EE7-1B896D4FA758}.Debug|Any CPU.ActiveCfg = Debug|Any CPU
		{26AE5B41-8EA8-4A61-8EE7-1B896D4FA758}.Debug|Any CPU.Build.0 = Debug|Any CPU
		{26AE5B41-8EA8-4A61-8EE7-1B896D4FA758}.Release|Any CPU.ActiveCfg = Release|Any CPU
		{26AE5B41-8EA8-4A61-8EE7-1B896D4FA758}.Release|Any CPU.Build.0 = Release|Any CPU
		{DB752279-5F45-4CD5-A8AF-FA346BC09EF0}.Debug|Any CPU.ActiveCfg = Debug|Any CPU
		{DB752279-5F45-4CD5-A8AF-FA346BC09EF0}.Debug|Any CPU.Build.0 = Debug|Any CPU
		{DB752279-5F45-4CD5-A8AF-FA346BC09EF0}.Release|Any CPU.ActiveCfg = Release|Any CPU
		{DB752279-5F45-4CD5-A8AF-FA346BC09EF0}.Release|Any CPU.Build.0 = Release|Any CPU
		{73C092D6-471B-4006-B5D7-1E83DDFE3A62}.Debug|Any CPU.ActiveCfg = Debug|Any CPU
		{73C092D6-471B-4006-B5D7-1E83DDFE3A62}.Debug|Any CPU.Build.0 = Debug|Any CPU
		{73C092D6-471B-4006-B5D7-1E83DDFE3A62}.Release|Any CPU.ActiveCfg = Release|Any CPU
		{73C092D6-471B-4006-B5D7-1E83DDFE3A62}.Release|Any CPU.Build.0 = Release|Any CPU
		{5929EA55-0945-4606-B39F-C118B9DED279}.Debug|Any CPU.ActiveCfg = Debug|Any CPU
		{5929EA55-0945-4606-B39F-C118B9DED279}.Debug|Any CPU.Build.0 = Debug|Any CPU
		{5929EA55-0945-4606-B39F-C118B9DED279}.Release|Any CPU.ActiveCfg = Release|Any CPU
		{5929EA55-0945-4606-B39F-C118B9DED279}.Release|Any CPU.Build.0 = Release|Any CPU
		{0EC446DD-3663-4F31-B355-C21417B9018F}.Debug|Any CPU.ActiveCfg = Debug|Any CPU
		{0EC446DD-3663-4F31-B355-C21417B9018F}.Debug|Any CPU.Build.0 = Debug|Any CPU
		{0EC446DD-3663-4F31-B355-C21417B9018F}.Release|Any CPU.ActiveCfg = Release|Any CPU
		{0EC446DD-3663-4F31-B355-C21417B9018F}.Release|Any CPU.Build.0 = Release|Any CPU
		{FB0D5433-0108-4E0A-AB22-3E9E45DB7373}.Debug|Any CPU.ActiveCfg = Debug|Any CPU
		{FB0D5433-0108-4E0A-AB22-3E9E45DB7373}.Debug|Any CPU.Build.0 = Debug|Any CPU
		{FB0D5433-0108-4E0A-AB22-3E9E45DB7373}.Release|Any CPU.ActiveCfg = Release|Any CPU
		{FB0D5433-0108-4E0A-AB22-3E9E45DB7373}.Release|Any CPU.Build.0 = Release|Any CPU
		{FE5C53EE-1197-43F6-9905-9A76054FE553}.Debug|Any CPU.ActiveCfg = Debug|Any CPU
		{FE5C53EE-1197-43F6-9905-9A76054FE553}.Debug|Any CPU.Build.0 = Debug|Any CPU
		{FE5C53EE-1197-43F6-9905-9A76054FE553}.Release|Any CPU.ActiveCfg = Release|Any CPU
		{FE5C53EE-1197-43F6-9905-9A76054FE553}.Release|Any CPU.Build.0 = Release|Any CPU
		{20A07264-76EF-4D63-AC04-F34CE63DE399}.Debug|Any CPU.ActiveCfg = Debug|Any CPU
		{20A07264-76EF-4D63-AC04-F34CE63DE399}.Debug|Any CPU.Build.0 = Debug|Any CPU
		{20A07264-76EF-4D63-AC04-F34CE63DE399}.Release|Any CPU.ActiveCfg = Release|Any CPU
		{20A07264-76EF-4D63-AC04-F34CE63DE399}.Release|Any CPU.Build.0 = Release|Any CPU
	EndGlobalSection
	GlobalSection(NestedProjects) = preSolution
		{280E6645-BA07-4BC1-BEFA-1DFA09B99421} = {8A6AF80E-757D-426A-B824-BD41B5AB3292}
		{7A358166-EA25-41F5-962B-B3D5C8F8B144} = {1D75CEAF-CB96-46B7-86A0-3BDCDB64EE03}
		{67BC10FE-7E01-45B2-8AF3-3ABFFA6852B9} = {1D75CEAF-CB96-46B7-86A0-3BDCDB64EE03}
		{26AE5B41-8EA8-4A61-8EE7-1B896D4FA758} = {1D75CEAF-CB96-46B7-86A0-3BDCDB64EE03}
		{DB752279-5F45-4CD5-A8AF-FA346BC09EF0} = {1D75CEAF-CB96-46B7-86A0-3BDCDB64EE03}
		{73C092D6-471B-4006-B5D7-1E83DDFE3A62} = {1D75CEAF-CB96-46B7-86A0-3BDCDB64EE03}
		{5929EA55-0945-4606-B39F-C118B9DED279} = {455C4F14-4FBC-4CD9-A7E5-E60EC1202CA8}
		{0EC446DD-3663-4F31-B355-C21417B9018F} = {455C4F14-4FBC-4CD9-A7E5-E60EC1202CA8}
		{FB0D5433-0108-4E0A-AB22-3E9E45DB7373} = {455C4F14-4FBC-4CD9-A7E5-E60EC1202CA8}
		{FE5C53EE-1197-43F6-9905-9A76054FE553} = {8A6AF80E-757D-426A-B824-BD41B5AB3292}
		{20A07264-76EF-4D63-AC04-F34CE63DE399} = {514CAD81-AE31-4A75-B240-C5FD35C67F8A}
		{8A6AF80E-757D-426A-B824-BD41B5AB3292} = {B9308A3D-17F9-4C73-80F9-FC81DC1BF59C}
		{455C4F14-4FBC-4CD9-A7E5-E60EC1202CA8} = {B9308A3D-17F9-4C73-80F9-FC81DC1BF59C}
		{1D75CEAF-CB96-46B7-86A0-3BDCDB64EE03} = {B9308A3D-17F9-4C73-80F9-FC81DC1BF59C}
	EndGlobalSection
EndGlobal
